
Microsoft Visual Studio Solution File, Format Version 12.00
# Visual Studio 15
VisualStudioVersion = 15.0.28307.645
MinimumVisualStudioVersion = 10.0.40219.1
Project("{FAE04EC0-301F-11D3-BF4B-00C04F79EFBC}") = "hospitalTimeZone", "hospitalTimeZone\hospitalTimeZone.csproj", "{D94D4EC7-10B0-4CF8-929F-284E0D7CD77E}"
EndProject
Global
	GlobalSection(SolutionConfigurationPlatforms) = preSolution
		Debug|Any CPU = Debug|Any CPU
		Release|Any CPU = Release|Any CPU
	EndGlobalSection
	GlobalSection(ProjectConfigurationPlatforms) = postSolution
		{D94D4EC7-10B0-4CF8-929F-284E0D7CD77E}.Debug|Any CPU.ActiveCfg = Debug|Any CPU
		{D94D4EC7-10B0-4CF8-929F-284E0D7CD77E}.Debug|Any CPU.Build.0 = Debug|Any CPU
		{D94D4EC7-10B0-4CF8-929F-284E0D7CD77E}.Release|Any CPU.ActiveCfg = Release|Any CPU
		{D94D4EC7-10B0-4CF8-929F-284E0D7CD77E}.Release|Any CPU.Build.0 = Release|Any CPU
	EndGlobalSection
	GlobalSection(SolutionProperties) = preSolution
		HideSolutionNode = FALSE
	EndGlobalSection
	GlobalSection(ExtensibilityGlobals) = postSolution
		SolutionGuid = {A1F86500-6C6C-4C56-AF2F-17D0AA41285B}
	EndGlobalSection
EndGlobal
